{
  "R": {
    "Version": "4.0.3",
    "Repositories": [
      {
        "Name": "CRAN",
        "URL": "https://cran.rstudio.com"
      }
    ]
  },
  "Packages": {
    "BH": {
      "Package": "BH",
      "Version": "1.72.0-3",
      "Source": "Repository",
      "Repository": "CRAN",
      "Hash": "8f9ce74c6417d61f0782cbae5fd2b7b0"
    },
    "DBI": {
      "Package": "DBI",
      "Version": "1.1.0",
      "Source": "Repository",
      "Repository": "CRAN",
      "Hash": "4744be45519d675af66c28478720fce5"
    },
    "DiceDesign": {
      "Package": "DiceDesign",
      "Version": "1.8-1",
      "Source": "Repository",
      "Repository": "CRAN",
      "Hash": "c37a99997a2108edb7ef6563b8f6103f"
    },
    "GPfit": {
      "Package": "GPfit",
      "Version": "1.0-8",
      "Source": "Repository",
      "Repository": "CRAN",
      "Hash": "29a7dccade1fd037c8262c2a239775eb"
    },
    "KernSmooth": {
      "Package": "KernSmooth",
      "Version": "2.23-17",
      "Source": "Repository",
      "Repository": "CRAN",
      "Hash": "bbff70c8c0357b5b88238c83f680fcd3"
    },
    "MASS": {
      "Package": "MASS",
      "Version": "7.3-53",
      "Source": "Repository",
      "Repository": "CRAN",
      "Hash": "d1bc1c8e9c0ace57ec9ffea01021d45f"
    },
    "Matrix": {
      "Package": "Matrix",
      "Version": "1.2-18",
      "Source": "Repository",
      "Repository": "CRAN",
      "Hash": "08588806cba69f04797dab50627428ed"
    },
    "R6": {
      "Package": "R6",
      "Version": "2.4.1",
      "Source": "Repository",
      "Repository": "CRAN",
      "Hash": "292b54f8f4b94669b08f94e5acce6be2"
    },
    "RColorBrewer": {
      "Package": "RColorBrewer",
      "Version": "1.1-2",
      "Source": "Repository",
      "Repository": "CRAN",
      "Hash": "e031418365a7f7a766181ab5a41a5716"
    },
    "Rcpp": {
      "Package": "Rcpp",
      "Version": "1.0.5",
      "Source": "Repository",
      "Repository": "CRAN",
      "Hash": "125dc7a0ed375eb68c0ce533b48d291f"
    },
    "RcppEigen": {
      "Package": "RcppEigen",
      "Version": "0.3.3.7.0",
      "Source": "Repository",
      "Repository": "CRAN",
      "Hash": "c6faf038ba4346b1de19ad7c99b8f94a"
    },
    "SQUAREM": {
      "Package": "SQUAREM",
      "Version": "2020.4",
      "Source": "Repository",
      "Repository": "CRAN",
      "Hash": "40b96d4302539a1b7c27d14702ab5006"
    },
    "askpass": {
      "Package": "askpass",
      "Version": "1.1",
      "Source": "Repository",
      "Repository": "CRAN",
      "Hash": "e8a22846fff485f0be3770c2da758713"
    },
    "assertthat": {
      "Package": "assertthat",
      "Version": "0.2.1",
      "Source": "Repository",
      "Repository": "CRAN",
      "Hash": "50c838a310445e954bc13f26f26a6ecf"
    },
    "backports": {
      "Package": "backports",
      "Version": "1.1.10",
      "Source": "Repository",
      "Repository": "CRAN",
      "Hash": "05ffd2d4acb51aee70f1de68ad7a6aed"
    },
    "base64enc": {
      "Package": "base64enc",
      "Version": "0.1-3",
      "Source": "Repository",
      "Repository": "CRAN",
      "Hash": "543776ae6848fde2f48ff3816d0628bc"
    },
    "blob": {
      "Package": "blob",
      "Version": "1.2.1",
      "Source": "Repository",
      "Repository": "CRAN",
      "Hash": "9addc7e2c5954eca5719928131fed98c"
    },
    "boot": {
      "Package": "boot",
      "Version": "1.3-25",
      "Source": "Repository",
      "Repository": "CRAN",
      "Hash": "bd51734a754b6c2baf28b2d1ebc11e91"
    },
    "broom": {
      "Package": "broom",
      "Version": "0.7.1",
      "Source": "Repository",
      "Repository": "CRAN",
      "Hash": "a90dad034a7accd7c1baa603b1455962"
    },
    "callr": {
      "Package": "callr",
      "Version": "3.4.4",
      "Source": "Repository",
      "Repository": "CRAN",
      "Hash": "e56fe17ffeddfdcfcef40981e41e1c40"
    },
    "cellranger": {
      "Package": "cellranger",
      "Version": "1.1.0",
      "Source": "Repository",
      "Repository": "CRAN",
      "Hash": "f61dbaec772ccd2e17705c1e872e9e7c"
    },
    "class": {
      "Package": "class",
      "Version": "7.3-17",
      "Source": "Repository",
      "Repository": "CRAN",
      "Hash": "9267f5dab59a4ef44229858a142bded1"
    },
    "cli": {
      "Package": "cli",
      "Version": "2.0.2",
      "Source": "Repository",
      "Repository": "CRAN",
      "Hash": "ff0becff7bfdfe3f75d29aff8f3172dd"
    },
    "clipr": {
      "Package": "clipr",
      "Version": "0.7.0",
      "Source": "Repository",
      "Repository": "CRAN",
      "Hash": "08cf4045c149a0f0eaf405324c7495bd"
    },
    "cluster": {
      "Package": "cluster",
      "Version": "2.1.0",
      "Source": "Repository",
      "Repository": "CRAN",
      "Hash": "db63a44aab5aadcb6bf2f129751d129a"
    },
    "codetools": {
      "Package": "codetools",
      "Version": "0.2-16",
      "Source": "Repository",
      "Repository": "CRAN",
      "Hash": "89cf4b8207269ccf82fbeb6473fd662b"
    },
    "colorspace": {
      "Package": "colorspace",
      "Version": "1.4-1",
      "Source": "Repository",
      "Repository": "CRAN",
      "Hash": "6b436e95723d1f0e861224dd9b094dfb"
    },
    "cpp11": {
      "Package": "cpp11",
      "Version": "0.2.2",
      "Source": "Repository",
      "Repository": "CRAN",
      "Hash": "f28776fbc53c699a788792a89c4465a6"
    },
    "crayon": {
      "Package": "crayon",
      "Version": "1.3.4",
      "Source": "Repository",
      "Repository": "CRAN",
      "Hash": "0d57bc8e27b7ba9e45dba825ebc0de6b"
    },
    "curl": {
      "Package": "curl",
      "Version": "4.3",
      "Source": "Repository",
      "Repository": "CRAN",
      "Hash": "2b7d10581cc730804e9ed178c8374bd6"
    },
    "dbplyr": {
      "Package": "dbplyr",
      "Version": "1.4.4",
      "Source": "Repository",
      "Repository": "CRAN",
      "Hash": "2ba60a82dd9b6ca3cee0d8e2574cdf0e"
    },
    "desc": {
      "Package": "desc",
      "Version": "1.2.0",
      "Source": "Repository",
      "Repository": "CRAN",
      "Hash": "6c8fe8fa26a23b79949375d372c7b395"
    },
    "dials": {
      "Package": "dials",
      "Version": "0.0.9",
      "Source": "Repository",
      "Repository": "CRAN",
      "Hash": "eca6214674f3c1ed7add92a28e26f8ba"
    },
    "digest": {
      "Package": "digest",
      "Version": "0.6.25",
      "Source": "Repository",
      "Repository": "CRAN",
      "Hash": "f697db7d92b7028c4b3436e9603fb636"
    },
    "dplyr": {
      "Package": "dplyr",
      "Version": "1.0.2",
      "Source": "Repository",
      "Repository": "CRAN",
      "Hash": "d0509913b27ea898189ee664b6030dc2"
    },
    "ellipsis": {
      "Package": "ellipsis",
      "Version": "0.3.1",
      "Source": "Repository",
      "Repository": "CRAN",
      "Hash": "fd2844b3a43ae2d27e70ece2df1b4e2a"
    },
    "evaluate": {
      "Package": "evaluate",
      "Version": "0.14",
      "Source": "Repository",
      "Repository": "CRAN",
      "Hash": "ec8ca05cffcc70569eaaad8469d2a3a7"
    },
    "fansi": {
      "Package": "fansi",
      "Version": "0.4.1",
      "Source": "Repository",
      "Repository": "CRAN",
      "Hash": "7fce217eaaf8016e72065e85c73027b5"
    },
    "farver": {
      "Package": "farver",
      "Version": "2.0.3",
      "Source": "Repository",
      "Repository": "CRAN",
      "Hash": "dad6793a5a1f73c8e91f1a1e3e834b05"
    },
    "forcats": {
      "Package": "forcats",
      "Version": "0.5.0",
      "Source": "Repository",
      "Repository": "CRAN",
      "Hash": "1cb4279e697650f0bd78cd3601ee7576"
    },
    "foreach": {
      "Package": "foreach",
      "Version": "1.5.0",
      "Source": "Repository",
      "Repository": "CRAN",
      "Hash": "8fb3ff01ee7d85893f56df8d77213381"
    },
    "foreign": {
      "Package": "foreign",
      "Version": "0.8-80",
      "Source": "Repository",
      "Repository": "CRAN",
      "Hash": "ae1b1e15cc6ccb2bc61c0ac33e86d35f"
    },
    "fs": {
      "Package": "fs",
      "Version": "1.5.0",
      "Source": "Repository",
      "Repository": "CRAN",
      "Hash": "44594a07a42e5f91fac9f93fda6d0109"
    },
    "furrr": {
      "Package": "furrr",
      "Version": "0.1.0",
      "Source": "Repository",
      "Repository": "CRAN",
      "Hash": "c1f60eafdbcbea57078aa6f501974d2a"
    },
    "future": {
      "Package": "future",
      "Version": "1.19.1",
      "Source": "Repository",
      "Repository": "CRAN",
      "Hash": "224cbc34a2c97606b0e6311e3bd19e05"
    },
    "generics": {
      "Package": "generics",
      "Version": "0.0.2",
      "Source": "Repository",
      "Repository": "CRAN",
      "Hash": "b8cff1d1391fd1ad8b65877f4c7f2e53"
    },
    "ggplot2": {
      "Package": "ggplot2",
      "Version": "3.3.2",
      "Source": "Repository",
      "Repository": "CRAN",
      "Hash": "4ded8b439797f7b1693bd3d238d0106b"
    },
    "gh": {
      "Package": "gh",
      "Version": "1.1.0",
      "Source": "Repository",
      "Repository": "CRAN",
      "Hash": "89ea5998938d1ad55f035c8a86f96b74"
    },
    "git2r": {
      "Package": "git2r",
      "Version": "0.27.1",
      "Source": "Repository",
      "Repository": "CRAN",
      "Hash": "531a82d1beed1f545beb25f4f5945bf7"
    },
    "globals": {
      "Package": "globals",
      "Version": "0.13.0",
      "Source": "Repository",
      "Repository": "CRAN",
      "Hash": "0195566df9ebe00c615c097a778fe943"
    },
    "glue": {
      "Package": "glue",
      "Version": "1.4.2",
      "Source": "Repository",
      "Repository": "CRAN",
      "Hash": "6efd734b14c6471cfe443345f3e35e29"
    },
    "gower": {
      "Package": "gower",
      "Version": "0.2.2",
      "Source": "Repository",
      "Repository": "CRAN",
      "Hash": "be6a2b3529928bd803d1c437d1d43152"
    },
    "gtable": {
      "Package": "gtable",
      "Version": "0.3.0",
      "Source": "Repository",
      "Repository": "CRAN",
      "Hash": "ac5c6baf7822ce8732b343f14c072c4d"
    },
    "hardhat": {
      "Package": "hardhat",
      "Version": "0.1.4",
      "Source": "Repository",
      "Repository": "CRAN",
      "Hash": "2548ca9844643072622cb8c4e4c5dd4a"
    },
    "haven": {
      "Package": "haven",
      "Version": "2.3.1",
      "Source": "Repository",
      "Repository": "CRAN",
      "Hash": "221d0ad75dfa03ebf17b1a4cc5c31dfc"
    },
    "here": {
      "Package": "here",
      "Version": "0.1",
      "Source": "Repository",
      "Repository": "CRAN",
      "Hash": "2c0406b8e0a4c3516ab37be62da74e3c"
    },
    "highr": {
      "Package": "highr",
      "Version": "0.8",
      "Source": "Repository",
      "Repository": "CRAN",
      "Hash": "4dc5bb88961e347a0f4d8aad597cbfac"
    },
    "hms": {
      "Package": "hms",
      "Version": "0.5.3",
      "Source": "Repository",
      "Repository": "CRAN",
      "Hash": "726671f634529d470545f9fd1a9d1869"
    },
    "htmltools": {
      "Package": "htmltools",
      "Version": "0.5.0",
      "Source": "Repository",
      "Repository": "CRAN",
      "Hash": "7d651b7131794fe007b1ad6f21aaa401"
    },
    "httpuv": {
      "Package": "httpuv",
      "Version": "1.5.4",
      "Source": "Repository",
      "Repository": "CRAN",
      "Hash": "4e6dabb220b006ccdc3b3b5ff993b205"
    },
    "httr": {
      "Package": "httr",
      "Version": "1.4.2",
      "Source": "Repository",
      "Repository": "CRAN",
      "Hash": "a525aba14184fec243f9eaec62fbed43"
    },
    "infer": {
      "Package": "infer",
      "Version": "0.5.3",
      "Source": "Repository",
      "Repository": "CRAN",
      "Hash": "f155de6e70e7746b970e6f95de2439dd"
    },
    "ini": {
      "Package": "ini",
      "Version": "0.3.1",
      "Source": "Repository",
      "Repository": "CRAN",
      "Hash": "6154ec2223172bce8162d4153cda21f7"
    },
    "ipred": {
      "Package": "ipred",
      "Version": "0.9-9",
      "Source": "Repository",
      "Repository": "CRAN",
      "Hash": "816a7f746179f159f8faa87af730f3c1"
    },
    "isoband": {
      "Package": "isoband",
      "Version": "0.2.2",
      "Source": "Repository",
      "Repository": "CRAN",
      "Hash": "6e58bd3d6b3dd82a944cd6f05ade228f"
    },
    "iterators": {
      "Package": "iterators",
      "Version": "1.0.12",
      "Source": "Repository",
      "Repository": "CRAN",
      "Hash": "117128f48662573ff4c4e72608b9e202"
    },
    "jsonlite": {
      "Package": "jsonlite",
      "Version": "1.7.1",
      "Source": "Repository",
      "Repository": "CRAN",
      "Hash": "1ec84e070b88b37ed169f19def40d47c"
    },
    "knitr": {
      "Package": "knitr",
      "Version": "1.30",
      "Source": "Repository",
      "Repository": "CRAN",
      "Hash": "eed7ee0d02eee88d53881cdc92457c62"
    },
    "labeling": {
      "Package": "labeling",
      "Version": "0.3",
      "Source": "Repository",
      "Repository": "CRAN",
      "Hash": "73832978c1de350df58108c745ed0e3e"
    },
    "later": {
      "Package": "later",
      "Version": "1.1.0.1",
      "Source": "Repository",
      "Repository": "CRAN",
      "Hash": "d0a62b247165aabf397fded504660d8a"
    },
    "lattice": {
      "Package": "lattice",
      "Version": "0.20-41",
      "Source": "Repository",
      "Repository": "CRAN",
      "Hash": "fbd9285028b0263d76d18c95ae51a53d"
    },
    "lava": {
      "Package": "lava",
      "Version": "1.6.8",
      "Source": "Repository",
      "Repository": "CRAN",
      "Hash": "f2e18160a8814fb2a94d43cff1cfc147"
    },
    "lhs": {
      "Package": "lhs",
      "Version": "1.1.1",
      "Source": "Repository",
      "Repository": "CRAN",
      "Hash": "e44ecdb78d9373a6a11515bf6ec00251"
    },
    "lifecycle": {
      "Package": "lifecycle",
      "Version": "0.2.0",
      "Source": "Repository",
      "Repository": "CRAN",
      "Hash": "361811f31f71f8a617a9a68bf63f1f42"
    },
    "listenv": {
      "Package": "listenv",
      "Version": "0.8.0",
      "Source": "Repository",
      "Repository": "CRAN",
      "Hash": "0bde42ee282efb18c7c4e63822f5b4f7"
    },
    "lubridate": {
      "Package": "lubridate",
      "Version": "1.7.9",
      "Source": "Repository",
      "Repository": "CRAN",
      "Hash": "fc1c91e2e8d9e1fc932e75aa1ed989b7"
    },
    "magrittr": {
      "Package": "magrittr",
      "Version": "1.5",
      "Source": "Repository",
      "Repository": "CRAN",
      "Hash": "1bb58822a20301cee84a41678e25d9b7"
    },
    "markdown": {
      "Package": "markdown",
      "Version": "1.1",
      "Source": "Repository",
      "Repository": "CRAN",
      "Hash": "61e4a10781dd00d7d81dd06ca9b94e95"
    },
    "mgcv": {
      "Package": "mgcv",
      "Version": "1.8-33",
      "Source": "Repository",
      "Repository": "CRAN",
      "Hash": "eb7b6439bc6d812eed2cddba5edc6be3"
    },
    "mime": {
      "Package": "mime",
      "Version": "0.9",
      "Source": "Repository",
      "Repository": "CRAN",
      "Hash": "e87a35ec73b157552814869f45a63aa3"
    },
    "modeldata": {
      "Package": "modeldata",
      "Version": "0.0.2",
      "Source": "Repository",
      "Repository": "CRAN",
      "Hash": "e2825d34267ad27d30d9ce71dc23bde8"
    },
    "modelr": {
      "Package": "modelr",
      "Version": "0.1.8",
      "Source": "Repository",
      "Repository": "CRAN",
      "Hash": "9fd59716311ee82cba83dc2826fc5577"
    },
    "munsell": {
      "Package": "munsell",
      "Version": "0.5.0",
      "Source": "Repository",
      "Repository": "CRAN",
      "Hash": "6dfe8bf774944bd5595785e3229d8771"
    },
    "nlme": {
      "Package": "nlme",
      "Version": "3.1-150",
      "Source": "Repository",
      "Repository": "CRAN",
      "Hash": "82e52d2c6e674764ffb122d084afa96b"
    },
    "nnet": {
      "Package": "nnet",
      "Version": "7.3-14",
      "Source": "Repository",
      "Repository": "CRAN",
      "Hash": "0d87e50e11394a7151a28873637d799a"
    },
    "numDeriv": {
      "Package": "numDeriv",
      "Version": "2016.8-1.1",
      "Source": "Repository",
      "Repository": "CRAN",
      "Hash": "df58958f293b166e4ab885ebcad90e02"
    },
    "openssl": {
      "Package": "openssl",
      "Version": "1.4.3",
      "Source": "Repository",
      "Repository": "CRAN",
      "Hash": "a399e4773075fc2375b71f45fca186c4"
    },
    "pROC": {
      "Package": "pROC",
      "Version": "1.16.2",
      "Source": "Repository",
      "Repository": "CRAN",
      "Hash": "285ca01e793958ac6f2c264c84dbb16b"
    },
    "packrat": {
      "Package": "packrat",
      "Version": "0.5.0",
      "Source": "Repository",
      "Repository": "CRAN",
      "Hash": "2ebd34a38f4248281096cc723535b66d"
    },
    "palmerpenguins": {
      "Package": "palmerpenguins",
      "Version": "0.1.0",
      "Source": "Repository",
      "Repository": "CRAN",
      "Hash": "9a455031890b2adf20e19784a114ddd4"
    },
    "parsnip": {
      "Package": "parsnip",
      "Version": "0.1.3",
      "Source": "Repository",
      "Repository": "CRAN",
      "Hash": "47443a861b62d9889ba729d84dfe1845"
    },
    "pillar": {
      "Package": "pillar",
      "Version": "1.4.6",
      "Source": "Repository",
      "Repository": "CRAN",
      "Hash": "bdf26e55ccb7df3e49a490150277f002"
    },
    "pkgbuild": {
      "Package": "pkgbuild",
      "Version": "1.1.0",
      "Source": "Repository",
      "Repository": "CRAN",
      "Hash": "404684bc4e3685007f9720adf13b06c1"
    },
    "pkgconfig": {
      "Package": "pkgconfig",
      "Version": "2.0.3",
      "Source": "Repository",
      "Repository": "CRAN",
      "Hash": "01f28d4278f15c76cddbea05899c5d6f"
    },
    "pkgload": {
      "Package": "pkgload",
      "Version": "1.1.0",
      "Source": "Repository",
      "Repository": "CRAN",
      "Hash": "b6b150cd4709e0c0c9b5d51ac4376282"
    },
    "plumber": {
      "Package": "plumber",
      "Version": "1.0.0.9999",
      "Source": "GitHub",
      "RemoteType": "github",
      "RemoteHost": "api.github.com",
      "RemoteRepo": "plumber",
      "RemoteUsername": "blairj09",
      "RemoteRef": "swagger-redirect",
      "RemoteSha": "0781598bcb8a8760f8a3e248031e77a797afe17c",
      "Hash": "488b6e8837906b922a330b17ad1b6df0"
    },
    "plyr": {
      "Package": "plyr",
      "Version": "1.8.6",
      "Source": "Repository",
      "Repository": "CRAN",
      "Hash": "ec0e5ab4e5f851f6ef32cd1d1984957f"
    },
    "praise": {
      "Package": "praise",
      "Version": "1.0.0",
      "Source": "Repository",
      "Repository": "CRAN",
      "Hash": "a555924add98c99d2f411e37e7d25e9f"
    },
    "prettyunits": {
      "Package": "prettyunits",
      "Version": "1.1.1",
      "Source": "Repository",
      "Repository": "CRAN",
      "Hash": "95ef9167b75dde9d2ccc3c7528393e7e"
    },
    "processx": {
      "Package": "processx",
      "Version": "3.4.4",
      "Source": "Repository",
      "Repository": "CRAN",
      "Hash": "03446ed0b8129916f73676726cb3c48f"
    },
    "prodlim": {
      "Package": "prodlim",
      "Version": "2019.11.13",
      "Source": "Repository",
      "Repository": "CRAN",
      "Hash": "c243bf70db3a6631a0c8783152fb7db9"
    },
    "progress": {
      "Package": "progress",
      "Version": "1.2.2",
      "Source": "Repository",
      "Repository": "CRAN",
      "Hash": "14dc9f7a3c91ebb14ec5bb9208a07061"
    },
    "promises": {
      "Package": "promises",
      "Version": "1.1.1",
      "Source": "Repository",
      "Repository": "CRAN",
      "Hash": "a8730dcbdd19f9047774909f0ec214a4"
    },
    "ps": {
      "Package": "ps",
      "Version": "1.4.0",
      "Source": "Repository",
      "Repository": "CRAN",
      "Hash": "f5d7d94cc097aa9dade988e3e6715067"
    },
    "purrr": {
      "Package": "purrr",
      "Version": "0.3.4",
      "Source": "Repository",
      "Repository": "CRAN",
      "Hash": "97def703420c8ab10d8f0e6c72101e02"
    },
    "ranger": {
      "Package": "ranger",
      "Version": "0.12.1",
      "Source": "Repository",
      "Repository": "CRAN",
      "Hash": "561326df07a5bc5266ba17ce3b81cbf1"
    },
    "rapidoc": {
      "Package": "rapidoc",
      "Version": "8.1.2",
      "Source": "GitHub",
      "RemoteType": "github",
      "RemoteHost": "api.github.com",
      "RemoteRepo": "rapidoc",
      "RemoteUsername": "meztez",
      "RemoteRef": "HEAD",
      "RemoteSha": "ede25643d59267c500611130957a8cd903e76a76",
      "Hash": "91b2bf5e794020da244987f4232f73e4"
    },
    "readr": {
      "Package": "readr",
      "Version": "1.4.0",
      "Source": "Repository",
      "Repository": "CRAN",
      "Hash": "2639976851f71f330264a9c9c3d43a61"
    },
    "readxl": {
      "Package": "readxl",
      "Version": "1.3.1",
      "Source": "Repository",
      "Repository": "CRAN",
      "Hash": "63537c483c2dbec8d9e3183b3735254a"
    },
    "recipes": {
      "Package": "recipes",
      "Version": "0.1.13",
      "Source": "Repository",
      "Repository": "CRAN",
      "Hash": "f3ce68cd2bd38e508cbdcbec44c15d46"
    },
    "rematch": {
      "Package": "rematch",
      "Version": "1.0.1",
      "Source": "Repository",
      "Repository": "CRAN",
      "Hash": "c66b930d20bb6d858cd18e1cebcfae5c"
    },
    "rematch2": {
      "Package": "rematch2",
      "Version": "2.1.2",
      "Source": "Repository",
      "Repository": "CRAN",
      "Hash": "76c9e04c712a05848ae7a23d2f170a40"
    },
    "remotes": {
      "Package": "remotes",
      "Version": "2.2.0",
      "Source": "Repository",
      "Repository": "CRAN",
      "Hash": "430a0908aee75b1fcba0e62857cab0ce"
    },
    "renv": {
      "Package": "renv",
      "Version": "0.12.0",
      "Source": "Repository",
      "Repository": "CRAN",
      "Hash": "7340c71f46a0fd16506cfa804e224e44"
    },
    "reprex": {
      "Package": "reprex",
      "Version": "0.3.0",
      "Source": "Repository",
      "Repository": "CRAN",
      "Hash": "b06bfb3504cc8a4579fd5567646f745b"
    },
    "rlang": {
      "Package": "rlang",
      "Version": "0.4.8.9000",
      "Source": "GitHub",
      "RemoteType": "github",
      "RemoteHost": "api.github.com",
      "RemoteRepo": "rlang",
      "RemoteUsername": "r-lib",
      "RemoteRef": "HEAD",
      "RemoteSha": "4e2bbe18695d9fd17951e9d7ae92535eb095ff6d",
      "Hash": "26e60a576c48b431f82361c10f97437f"
    },
    "rmarkdown": {
      "Package": "rmarkdown",
      "Version": "2.5",
      "Source": "Repository",
      "Repository": "CRAN",
      "Hash": "20a0a94af9e8f7040510447763aab3e9"
    },
    "rpart": {
      "Package": "rpart",
      "Version": "4.1-15",
      "Source": "Repository",
      "Repository": "CRAN",
      "Hash": "9787c1fcb680e655d062e7611cadf78e"
    },
    "rprojroot": {
      "Package": "rprojroot",
      "Version": "1.3-2",
      "Source": "Repository",
      "Repository": "CRAN",
      "Hash": "f6a407ae5dd21f6f80a6708bbb6eb3ae"
    },
    "rsample": {
      "Package": "rsample",
      "Version": "0.0.8",
      "Source": "Repository",
      "Repository": "CRAN",
      "Hash": "a05b5f1136fb3e22efe51e85369c041c"
    },
    "rsconnect": {
      "Package": "rsconnect",
      "Version": "0.8.16",
      "Source": "Repository",
      "Repository": "CRAN",
      "Hash": "3924a1c20ce2479e89a08b0ca4c936c6"
    },
    "rstudioapi": {
      "Package": "rstudioapi",
      "Version": "0.11",
      "Source": "Repository",
      "Repository": "CRAN",
      "Hash": "33a5b27a03da82ac4b1d43268f80088a"
    },
    "rvest": {
      "Package": "rvest",
      "Version": "0.3.6",
      "Source": "Repository",
      "Repository": "CRAN",
      "Hash": "a9795ccb2d608330e841998b67156764"
    },
    "scales": {
      "Package": "scales",
      "Version": "1.1.1",
      "Source": "Repository",
      "Repository": "CRAN",
      "Hash": "6f76f71042411426ec8df6c54f34e6dd"
    },
    "selectr": {
      "Package": "selectr",
      "Version": "0.4-2",
      "Source": "Repository",
      "Repository": "CRAN",
      "Hash": "3838071b66e0c566d55cc26bd6e27bf4"
    },
    "slider": {
      "Package": "slider",
      "Version": "0.1.5",
      "Source": "Repository",
      "Repository": "CRAN",
      "Hash": "ac1eb08941cacd8ff16f0041ca60a3de"
    },
    "sodium": {
      "Package": "sodium",
      "Version": "1.1",
      "Source": "Repository",
      "Repository": "CRAN",
      "Hash": "9f07fda8802e9a2ed7e91f20f2d814ce"
    },
    "spatial": {
      "Package": "spatial",
      "Version": "7.3-12",
      "Source": "Repository",
      "Repository": "CRAN",
      "Hash": "58a02ce0150652b96c044bc67a0df2e5"
    },
    "stringi": {
      "Package": "stringi",
      "Version": "1.5.3",
      "Source": "Repository",
      "Repository": "CRAN",
      "Hash": "a063ebea753c92910a4cca7b18bc1f05"
    },
    "stringr": {
      "Package": "stringr",
      "Version": "1.4.0",
      "Source": "Repository",
      "Repository": "CRAN",
      "Hash": "0759e6b6c0957edb1311028a49a35e76"
    },
    "survival": {
      "Package": "survival",
      "Version": "3.2-7",
      "Source": "Repository",
      "Repository": "CRAN",
      "Hash": "39c4ac6d22dad33db0ee37b40810ea12"
    },
    "swagger": {
      "Package": "swagger",
      "Version": "3.33.1",
      "Source": "Repository",
      "Repository": "CRAN",
      "Hash": "f28d25ed70c903922254157c11b0081d"
    },
    "sys": {
      "Package": "sys",
      "Version": "3.4",
      "Source": "Repository",
      "Repository": "CRAN",
      "Hash": "b227d13e29222b4574486cfcbde077fa"
    },
    "testthat": {
      "Package": "testthat",
      "Version": "2.3.2",
      "Source": "Repository",
      "Repository": "CRAN",
      "Hash": "0829b987b8961fb07f3b1b64a2fbc495"
    },
    "tibble": {
      "Package": "tibble",
      "Version": "3.0.3",
      "Source": "Repository",
      "Repository": "CRAN",
      "Hash": "08bd36bd34b20d4f7971d49e81deaab0"
    },
    "tidymodels": {
      "Package": "tidymodels",
      "Version": "0.1.1",
      "Source": "Repository",
      "Repository": "CRAN",
      "Hash": "d74e1c2bb4bd413c506341be211cff0d"
    },
    "tidyr": {
      "Package": "tidyr",
      "Version": "1.1.2",
      "Source": "Repository",
      "Repository": "CRAN",
      "Hash": "c40b2d5824d829190f4b825f4496dfae"
    },
    "tidyselect": {
      "Package": "tidyselect",
      "Version": "1.1.0",
      "Source": "Repository",
      "Repository": "CRAN",
      "Hash": "6ea435c354e8448819627cf686f66e0a"
    },
    "tidyverse": {
      "Package": "tidyverse",
      "Version": "1.3.0",
      "Source": "Repository",
      "Repository": "CRAN",
      "Hash": "bd51be662f359fa99021f3d51e911490"
    },
    "timeDate": {
      "Package": "timeDate",
      "Version": "3043.102",
      "Source": "Repository",
      "Repository": "CRAN",
      "Hash": "fde4fc571f5f61978652c229d4713845"
    },
    "tinytex": {
      "Package": "tinytex",
      "Version": "0.26",
      "Source": "Repository",
      "Repository": "CRAN",
      "Hash": "db6477efcfbffcd9b3758c3c2882cf58"
    },
    "tune": {
      "Package": "tune",
      "Version": "0.1.1",
      "Source": "Repository",
      "Repository": "CRAN",
      "Hash": "aee6ea4a954eeba5a2327abd2adc0034"
    },
    "usethis": {
      "Package": "usethis",
      "Version": "1.6.3",
      "Source": "Repository",
      "Repository": "CRAN",
      "Hash": "c541a7aed5f7fb3b487406bf92842e34"
    },
    "utf8": {
      "Package": "utf8",
      "Version": "1.1.4",
      "Source": "Repository",
      "Repository": "CRAN",
      "Hash": "4a5081acfb7b81a572e4384a7aaf2af1"
    },
    "vctrs": {
      "Package": "vctrs",
      "Version": "0.3.4",
      "Source": "Repository",
      "Repository": "CRAN",
      "Hash": "0bc90078aeee42f2520b1d0a33bd6758"
    },
    "viridisLite": {
      "Package": "viridisLite",
      "Version": "0.3.0",
      "Source": "Repository",
      "Repository": "CRAN",
      "Hash": "ce4f6271baa94776db692f1cb2055bee"
    },
    "warp": {
      "Package": "warp",
      "Version": "0.1.0",
      "Source": "Repository",
      "Repository": "CRAN",
      "Hash": "5c786a8883c9f49f6d137ee76558ceef"
    },
    "webutils": {
      "Package": "webutils",
      "Version": "1.1",
      "Source": "Repository",
      "Repository": "CRAN",
      "Hash": "75d8b5b05fe22659b54076563f83f26a"
    },
    "whisker": {
      "Package": "whisker",
      "Version": "0.4",
      "Source": "Repository",
      "Repository": "CRAN",
      "Hash": "ca970b96d894e90397ed20637a0c1bbe"
    },
    "withr": {
      "Package": "withr",
      "Version": "2.3.0",
      "Source": "Repository",
      "Repository": "CRAN",
      "Hash": "7307d79f58d1885b38c4f4f1a8cb19dd"
    },
    "workflows": {
      "Package": "workflows",
      "Version": "0.2.0",
      "Source": "Repository",
      "Repository": "CRAN",
      "Hash": "2a6a405280dfda24dbe0d32fa04cb1c8"
    },
    "xfun": {
      "Package": "xfun",
      "Version": "0.18",
      "Source": "Repository",
      "Repository": "CRAN",
      "Hash": "d1c0b777b432e4b4c039c8aaecc54e0f"
    },
    "xml2": {
      "Package": "xml2",
      "Version": "1.3.2",
      "Source": "Repository",
      "Repository": "CRAN",
      "Hash": "d4d71a75dd3ea9eb5fa28cc21f9585e2"
    },
    "yaml": {
      "Package": "yaml",
      "Version": "2.2.1",
      "Source": "Repository",
      "Repository": "CRAN",
      "Hash": "2826c5d9efb0a88f657c7a679c7106db"
    },
    "yardstick": {
      "Package": "yardstick",
      "Version": "0.0.7",
      "Source": "Repository",
      "Repository": "CRAN",
      "Hash": "e16ed675886deba4b47441672cedfd54"
    }
  }
}
